
Microsoft Visual Studio Solution File, Format Version 12.00
# Visual Studio 15
VisualStudioVersion = 15.0.26730.15
MinimumVisualStudioVersion = 10.0.40219.1
Project("{FAE04EC0-301F-11D3-BF4B-00C04F79EFBC}") = "Task1 Greeting", "Task1 Greeting\Task1 Greeting.csproj", "{21CD0D89-F70F-4AF1-B9F5-AF716DD653A5}"
EndProject
Project("{FAE04EC0-301F-11D3-BF4B-00C04F79EFBC}") = "Task2 AddTwoNumbers", "Task2 AddTwoNumbers\Task2 AddTwoNumbers.csproj", "{39AE72F7-8701-40B4-B874-91B26DA2D4F5}"
EndProject
Project("{FAE04EC0-301F-11D3-BF4B-00C04F79EFBC}") = "Task3 EmployeeData", "Task3 EmployeeData\Task3 EmployeeData.csproj", "{8C0F1A1D-20FA-49FE-9C44-D613E6DEEAC4}"
EndProject
Global
	GlobalSection(SolutionConfigurationPlatforms) = preSolution
		Debug|Any CPU = Debug|Any CPU
		Release|Any CPU = Release|Any CPU
	EndGlobalSection
	GlobalSection(ProjectConfigurationPlatforms) = postSolution
		{21CD0D89-F70F-4AF1-B9F5-AF716DD653A5}.Debug|Any CPU.ActiveCfg = Debug|Any CPU
		{21CD0D89-F70F-4AF1-B9F5-AF716DD653A5}.Debug|Any CPU.Build.0 = Debug|Any CPU
		{21CD0D89-F70F-4AF1-B9F5-AF716DD653A5}.Release|Any CPU.ActiveCfg = Release|Any CPU
		{21CD0D89-F70F-4AF1-B9F5-AF716DD653A5}.Release|Any CPU.Build.0 = Release|Any CPU
		{39AE72F7-8701-40B4-B874-91B26DA2D4F5}.Debug|Any CPU.ActiveCfg = Debug|Any CPU
		{39AE72F7-8701-40B4-B874-91B26DA2D4F5}.Debug|Any CPU.Build.0 = Debug|Any CPU
		{39AE72F7-8701-40B4-B874-91B26DA2D4F5}.Release|Any CPU.ActiveCfg = Release|Any CPU
		{39AE72F7-8701-40B4-B874-91B26DA2D4F5}.Release|Any CPU.Build.0 = Release|Any CPU
		{8C0F1A1D-20FA-49FE-9C44-D613E6DEEAC4}.Debug|Any CPU.ActiveCfg = Debug|Any CPU
		{8C0F1A1D-20FA-49FE-9C44-D613E6DEEAC4}.Debug|Any CPU.Build.0 = Debug|Any CPU
		{8C0F1A1D-20FA-49FE-9C44-D613E6DEEAC4}.Release|Any CPU.ActiveCfg = Release|Any CPU
		{8C0F1A1D-20FA-49FE-9C44-D613E6DEEAC4}.Release|Any CPU.Build.0 = Release|Any CPU
	EndGlobalSection
	GlobalSection(SolutionProperties) = preSolution
		HideSolutionNode = FALSE
	EndGlobalSection
	GlobalSection(ExtensibilityGlobals) = postSolution
		SolutionGuid = {D7CB08B1-E842-4141-BDBF-CD77EB6D0DC6}
	EndGlobalSection
EndGlobal
